<?xml version="1.0" encoding="utf-8"?>
<Project ToolsVersion="4.0" xmlns="http://schemas.microsoft.com/developer/msbuild/2003">
  <ItemGroup>
    <Filter Include="Source Files">
      <UniqueIdentifier>{4FC737F1-C7A5-4376-A066-2A32D752A2FF}</UniqueIdentifier>
      <Extensions>cpp;c;cc;cxx;def;odl;idl;hpj;bat;asm;asmx</Extensions>
    </Filter>
    <Filter Include="Header Files">
      <UniqueIdentifier>{93995380-89BD-4b04-88EB-625FBE52EBFB}</UniqueIdentifier>
      <Extensions>h;hpp;hxx;hm;inl;inc;xsd</Extensions>
    </Filter>
    <Filter Include="Resource Files">
      <UniqueIdentifier>{67DA6AB6-F800-4c08-8B7A-83BB121AAD01}</UniqueIdentifier>
      <Extensions>rc;ico;cur;bmp;dlg;rc2;rct;bin;rgs;gif;jpg;jpeg;jpe;resx;tiff;tif;png;wav;mfcribbon-ms</Extensions>
    </Filter>
    <Filter Include="shaders">
      <UniqueIdentifier>{7e18637a-eaf2-433a-986b-3c2ef489e2f1}</UniqueIdentifier>
    </Filter>
  </ItemGroup>
  <ItemGroup>
    <None Include="DirectXTK\DirectXTK_Desktop_2012.vcxproj.filters" />
    <None Include="shaders\texture_common.hlsli">
      <Filter>shaders</Filter>
    </None>
    <None Include="shaders\VSTexture.hlsl">
      <Filter>shaders</Filter>
    </None>
    <None Include="shaders\Colored.hlsl">
      <Filter>shaders</Filter>
    </None>
    <None Include="shaders\compute.hlsl">
      <Filter>shaders</Filter>
    </None>
    <None Include="shaders\PointSprite.hlsl">
      <Filter>shaders</Filter>
    </None>
    <None Include="shaders\PSTexture.hlsl">
      <Filter>shaders</Filter>
    </None>
    <None Include="shaders\Texture.hlsl">
      <Filter>shaders</Filter>
    </None>
  </ItemGroup>
  <ItemGroup>
    <ClInclude Include="inc\Camera3D.h">
      <Filter>Header Files</Filter>
    </ClInclude>
    <ClInclude Include="inc\common_include.h">
      <Filter>Header Files</Filter>
    </ClInclude>
    <ClInclude Include="inc\Console.h">
      <Filter>Header Files</Filter>
    </ClInclude>
    <ClInclude Include="inc\DebugConsoleHost.h">
      <Filter>Header Files</Filter>
    </ClInclude>
    <ClInclude Include="inc\DebugLayer.h">
      <Filter>Header Files</Filter>
    </ClInclude>
    <ClInclude Include="inc\Error.h">
      <Filter>Header Files</Filter>
    </ClInclude>
    <ClInclude Include="inc\InputController.h">
      <Filter>Header Files</Filter>
    </ClInclude>
    <ClInclude Include="inc\log.h">
      <Filter>Header Files</Filter>
    </ClInclude>
    <ClInclude Include="inc\MyMath.h">
      <Filter>Header Files</Filter>
    </ClInclude>
    <ClInclude Include="inc\NBodySim.h">
      <Filter>Header Files</Filter>
    </ClInclude>
    <ClInclude Include="inc\Renderer.h">
      <Filter>Header Files</Filter>
    </ClInclude>
    <ClInclude Include="inc\Timer.h">
      <Filter>Header Files</Filter>
    </ClInclude>
    <ClInclude Include="inc\Vertex.h">
      <Filter>Header Files</Filter>
    </ClInclude>
    <ClInclude Include="inc\misc.h">
      <Filter>Header Files</Filter>
    </ClInclude>
    <ClInclude Include="inc\media.h">
      <Filter>Header Files</Filter>
    </ClInclude>
    <ClInclude Include="inc\ProcSphere.h">
      <Filter>Header Files</Filter>
    </ClInclude>
    <ClInclude Include="inc\a1.h">
      <Filter>Header Files</Filter>
    </ClInclude>
    <ClInclude Include="inc\Window.h">
      <Filter>Header Files</Filter>
    </ClInclude>
    <ClInclude Include="inc\Scene.h">
      <Filter>Header Files</Filter>
    </ClInclude>
    <ClInclude Include="inc\Application.h">
      <Filter>Header Files</Filter>
    </ClInclude>
  </ItemGroup>
  <ItemGroup>
    <ClCompile Include="src\Camera3D.cpp">
      <Filter>Source Files</Filter>
    </ClCompile>
    <ClCompile Include="src\Console.cpp">
      <Filter>Source Files</Filter>
    </ClCompile>
    <ClCompile Include="src\DebugConsoleHost.cpp">
      <Filter>Source Files</Filter>
    </ClCompile>
    <ClCompile Include="src\DebugLayer.cpp">
      <Filter>Source Files</Filter>
    </ClCompile>
    <ClCompile Include="src\InputController.cpp">
      <Filter>Source Files</Filter>
    </ClCompile>
    <ClCompile Include="src\log.cpp">
      <Filter>Source Files</Filter>
    </ClCompile>
    <ClCompile Include="src\main.cpp">
      <Filter>Source Files</Filter>
    </ClCompile>
    <ClCompile Include="src\NBodySim.cpp">
      <Filter>Source Files</Filter>
    </ClCompile>
    <ClCompile Include="src\Renderer.cpp">
      <Filter>Source Files</Filter>
    </ClCompile>
    <ClCompile Include="src\Timer.cpp">
      <Filter>Source Files</Filter>
    </ClCompile>
    <ClCompile Include="src\misc.cpp">
      <Filter>Source Files</Filter>
    </ClCompile>
    <ClCompile Include="src\media.cpp">
      <Filter>Source Files</Filter>
    </ClCompile>
    <ClCompile Include="src\ProcSphere.cpp">
      <Filter>Source Files</Filter>
    </ClCompile>
    <ClCompile Include="src\a1.cpp">
      <Filter>Source Files</Filter>
    </ClCompile>
    <ClCompile Include="src\Window.cpp">
      <Filter>Source Files</Filter>
    </ClCompile>
    <ClCompile Include="src\Scene.cpp">
      <Filter>Source Files</Filter>
    </ClCompile>
    <ClCompile Include="src\Application.cpp">
      <Filter>Source Files</Filter>
    </ClCompile>
  </ItemGroup>
</Project>